// !$*UTF8*$!
{
	archiveVersion = 1;
	classes = {
	};
	objectVersion = 46;
	objects = {

/* Begin PBXBuildFile section */
		89A60C831D61BF3800BF7988 /* main.m in Sources */ = {isa = PBXBuildFile; fileRef = 89A60C821D61BF3800BF7988 /* main.m */; };
		89A60C861D61BF3800BF7988 /* AppDelegate.m in Sources */ = {isa = PBXBuildFile; fileRef = 89A60C851D61BF3800BF7988 /* AppDelegate.m */; };
		89A60C891D61BF3800BF7988 /* ViewController.m in Sources */ = {isa = PBXBuildFile; fileRef = 89A60C881D61BF3800BF7988 /* ViewController.m */; };
		89A60C8C1D61BF3800BF7988 /* Main.storyboard in Resources */ = {isa = PBXBuildFile; fileRef = 89A60C8A1D61BF3800BF7988 /* Main.storyboard */; };
		89A60C8E1D61BF3800BF7988 /* Assets.xcassets in Resources */ = {isa = PBXBuildFile; fileRef = 89A60C8D1D61BF3800BF7988 /* Assets.xcassets */; };
		89A60C911D61BF3800BF7988 /* LaunchScreen.storyboard in Resources */ = {isa = PBXBuildFile; fileRef = 89A60C8F1D61BF3800BF7988 /* LaunchScreen.storyboard */; };
/* End PBXBuildFile section */

/* Begin PBXFileReference section */
		89A60C7E1D61BF3800BF7988 /* Runtime选择器&方法.app */ = {isa = PBXFileReference; explicitFileType = wrapper.application; includeInIndex = 0; path = "Runtime选择器&方法.app"; sourceTree = BUILT_PRODUCTS_DIR; };
		89A60C821D61BF3800BF7988 /* main.m */ = {isa = PBXFileReference; lastKnownFileType = sourcecode.c.objc; path = main.m; sourceTree = "<group>"; };
		89A60C841D61BF3800BF7988 /* AppDelegate.h */ = {isa = PBXFileReference; lastKnownFileType = sourcecode.c.h; path = AppDelegate.h; sourceTree = "<group>"; };
		89A60C851D61BF3800BF7988 /* AppDelegate.m */ = {isa = PBXFileReference; lastKnownFileType = sourcecode.c.objc; path = AppDelegate.m; sourceTree = "<group>"; };
		89A60C871D61BF3800BF7988 /* ViewController.h */ = {isa = PBXFileReference; lastKnownFileType = sourcecode.c.h; path = ViewController.h; sourceTree = "<group>"; };
		89A60C881D61BF3800BF7988 /* ViewController.m */ = {isa = PBXFileReference; lastKnownFileType = sourcecode.c.objc; path = ViewController.m; sourceTree = "<group>"; };
		89A60C8B1D61BF3800BF7988 /* Base */ = {isa = PBXFileReference; lastKnownFileType = file.storyboard; name = Base; path = Base.lproj/Main.storyboard; sourceTree = "<group>"; };
		89A60C8D1D61BF3800BF7988 /* Assets.xcassets */ = {isa = PBXFileReference; lastKnownFileType = folder.assetcatalog; path = Assets.xcassets; sourceTree = "<group>"; };
		89A60C901D61BF3800BF7988 /* Base */ = {isa = PBXFileReference; lastKnownFileType = file.storyboard; name = Base; path = Base.lproj/LaunchScreen.storyboard; sourceTree = "<group>"; };
		89A60C921D61BF3800BF7988 /* Info.plist */ = {isa = PBXFileReference; lastKnownFileType = text.plist.xml; path = Info.plist; sourceTree = "<group>"; };
/* End PBXFileReference section */

/* Begin PBXFrameworksBuildPhase section */
		89A60C7B1D61BF3800BF7988 /* Frameworks */ = {
			isa = PBXFrameworksBuildPhase;
			buildActionMask = 2147483647;
			files = (
			);
			runOnlyForDeploymentPostprocessing = 0;
		};
/* End PBXFrameworksBuildPhase section */

/* Begin PBXGroup section */
		89A60C751D61BF3800BF7988 = {
			isa = PBXGroup;
			children = (
				89A60C801D61BF3800BF7988 /* Runtime选择器&方法 */,
				89A60C7F1D61BF3800BF7988 /* Products */,
			);
			sourceTree = "<group>";
		};
		89A60C7F1D61BF3800BF7988 /* Products */ = {
			isa = PBXGroup;
			children = (
				89A60C7E1D61BF3800BF7988 /* Runtime选择器&方法.app */,
			);
			name = Products;
			sourceTree = "<group>";
		};
		89A60C801D61BF3800BF7988 /* Runtime选择器&方法 */ = {
			isa = PBXGroup;
			children = (
				89A60C841D61BF3800BF7988 /* AppDelegate.h */,
				89A60C851D61BF3800BF7988 /* AppDelegate.m */,
				89A60C871D61BF3800BF7988 /* ViewController.h */,
				89A60C881D61BF3800BF7988 /* ViewController.m */,
				89A60C8A1D61BF3800BF7988 /* Main.storyboard */,
				89A60C8D1D61BF3800BF7988 /* Assets.xcassets */,
				89A60C8F1D61BF3800BF7988 /* LaunchScreen.storyboard */,
				89A60C921D61BF3800BF7988 /* Info.plist */,
				89A60C811D61BF3800BF7988 /* Supporting Files */,
			);
			path = "Runtime选择器&方法";
			sourceTree = "<group>";
		};
		89A60C811D61BF3800BF7988 /* Supporting Files */ = {
			isa = PBXGroup;
			children = (
				89A60C821D61BF3800BF7988 /* main.m */,
			);
			name = "Supporting Files";
			sourceTree = "<group>";
		};
/* End PBXGroup section */

/* Begin PBXNativeTarget section */
		89A60C7D1D61BF3800BF7988 /* Runtime选择器&方法 */ = {
			isa = PBXNativeTarget;
			buildConfigurationList = 89A60C951D61BF3800BF7988 /* Build configuration list for PBXNativeTarget "Runtime选择器&方法" */;
			buildPhases = (
				89A60C7A1D61BF3800BF7988 /* Sources */,
				89A60C7B1D61BF3800BF7988 /* Frameworks */,
				89A60C7C1D61BF3800BF7988 /* Resources */,
			);
			buildRules = (
			);
			dependencies = (
			);
			name = "Runtime选择器&方法";
			productName = "Runtime选择器&方法";
			productReference = 89A60C7E1D61BF3800BF7988 /* Runtime选择器&方法.app */;
			productType = "com.apple.product-type.application";
		};
/* End PBXNativeTarget section */

/* Begin PBXProject section */
		89A60C761D61BF3800BF7988 /* Project object */ = {
			isa = PBXProject;
			attributes = {
				LastUpgradeCheck = 0730;
				ORGANIZATIONNAME = oneyd.me;
				TargetAttributes = {
					89A60C7D1D61BF3800BF7988 = {
						CreatedOnToolsVersion = 7.3.1;
						DevelopmentTeam = ZYX3LYN6TF;
					};
				};
			};
			buildConfigurationList = 89A60C791D61BF3800BF7988 /* Build configuration list for PBXProject "Runtime选择器&方法" */;
			compatibilityVersion = "Xcode 3.2";
			developmentRegion = English;
			hasScannedForEncodings = 0;
			knownRegions = (
				en,
				Base,
			);
			mainGroup = 89A60C751D61BF3800BF7988;
			productRefGroup = 89A60C7F1D61BF3800BF7988 /* Products */;
			projectDirPath = "";
			projectRoot = "";
			targets = (
				89A60C7D1D61BF3800BF7988 /* Runtime选择器&方法 */,
			);
		};
/* End PBXProject section */

/* Begin PBXResourcesBuildPhase section */
		89A60C7C1D61BF3800BF7988 /* Resources */ = {
			isa = PBXResourcesBuildPhase;
			buildActionMask = 2147483647;
			files = (
				89A60C911D61BF3800BF7988 /* LaunchScreen.storyboard in Resources */,
				89A60C8E1D61BF3800BF7988 /* Assets.xcassets in Resources */,
				89A60C8C1D61BF3800BF7988 /* Main.storyboard in Resources */,
			);
			runOnlyForDeploymentPostprocessing = 0;
		};
/* End PBXResourcesBuildPhase section */

/* Begin PBXSourcesBuildPhase section */
		89A60C7A1D61BF3800BF7988 /* Sources */ = {
			isa = PBXSourcesBuildPhase;
			buildActionMask = 2147483647;
			files = (
				89A60C891D61BF3800BF7988 /* ViewController.m in Sources */,
				89A60C861D61BF3800BF7988 /* AppDelegate.m in Sources */,
				89A60C831D61BF3800BF7988 /* main.m in Sources */,
			);
			runOnlyForDeploymentPostprocessing = 0;
		};
/* End PBXSourcesBuildPhase section */

/* Begin PBXVariantGroup section */
		89A60C8A1D61BF3800BF7988 /* Main.storyboard */ = {
			isa = PBXVariantGroup;
			children = (
				89A60C8B1D61BF3800BF7988 /* Base */,
			);
			name = Main.storyboard;
			sourceTree = "<group>";
		};
		89A60C8F1D61BF3800BF7988 /* LaunchScreen.storyboard */ = {
			isa = PBXVariantGroup;
			children = (
				89A60C901D61BF3800BF7988 /* Base */,
			);
			name = LaunchScreen.storyboard;
			sourceTree = "<group>";
		};
/* End PBXVariantGroup section */

/* Begin XCBuildConfiguration section */
		89A60C931D61BF3800BF7988 /* Debug */ = {
			isa = XCBuildConfiguration;
			buildSettings = {
				ALWAYS_SEARCH_USER_PATHS = NO;
				CLANG_ANALYZER_NONNULL = YES;
				CLANG_CXX_LANGUAGE_STANDARD = "gnu++0x";
				CLANG_CXX_LIBRARY = "libc++";
				CLANG_ENABLE_MODULES = YES;
				CLANG_ENABLE_OBJC_ARC = YES;
				CLANG_WARN_BOOL_CONVERSION = YES;
				CLANG_WARN_CONSTANT_CONVERSION = YES;
				CLANG_WARN_DIRECT_OBJC_ISA_USAGE = YES_ERROR;
				CLANG_WARN_EMPTY_BODY = YES;
				CLANG_WARN_ENUM_CONVERSION = YES;
				CLANG_WARN_INT_CONVERSION = YES;
				CLANG_WARN_OBJC_ROOT_CLASS = YES_ERROR;
				CLANG_WARN_UNREACHABLE_CODE = YES;
				CLANG_WARN__DUPLICATE_METHOD_MATCH = YES;
				"CODE_SIGN_IDENTITY[sdk=iphoneos*]" = "iPhone Developer";
				COPY_PHASE_STRIP = NO;
				DEBUG_INFORMATION_FORMAT = dwarf;
				ENABLE_STRICT_OBJC_MSGSEND = YES;
				ENABLE_TESTABILITY = YES;
				GCC_C_LANGUAGE_STANDARD = gnu99;
				GCC_DYNAMIC_NO_PIC = NO;
				GCC_NO_COMMON_BLOCKS = YES;
				GCC_OPTIMIZATION_LEVEL = 0;
				GCC_PREPROCESSOR_DEFINITIONS = (
					"DEBUG=1",
					"$(inherited)",
				);
				GCC_WARN_64_TO_32_BIT_CONVERSION = YES;
				GCC_WARN_ABOUT_RETURN_TYPE = YES_ERROR;
				GCC_WARN_UNDECLARED_SELECTOR = YES;
				GCC_WARN_UNINITIALIZED_AUTOS = YES_AGGRESSIVE;
				GCC_WARN_UNUSED_FUNCTION = YES;
				GCC_WARN_UNUSED_VARIABLE = YES;
				IPHONEOS_DEPLOYMENT_TARGET = 9.3;
				MTL_ENABLE_DEBUG_INFO = YES;
				ONLY_ACTIVE_ARCH = YES;
				SDKROOT = iphoneos;
			};
			name = Debug;
		};
		89A60C941D61BF3800BF7988 /* Release */ = {
			isa = XCBuildConfiguration;
			buildSettings = {
				ALWAYS_SEARCH_USER_PATHS = NO;
				CLANG_ANALYZER_NONNULL = YES;
				CLANG_CXX_LANGUAGE_STANDARD = "gnu++0x";
				CLANG_CXX_LIBRARY = "libc++";
				CLANG_ENABLE_MODULES = YES;
				CLANG_ENABLE_OBJC_ARC = YES;
				CLANG_WARN_BOOL_CONVERSION = YES;
				CLANG_WARN_CONSTANT_CONVERSION = YES;
				CLANG_WARN_DIRECT_OBJC_ISA_USAGE = YES_ERROR;
				CLANG_WARN_EMPTY_BODY = YES;
				CLANG_WARN_ENUM_CONVERSION = YES;
				CLANG_WARN_INT_CONVERSION = YES;
				CLANG_WARN_OBJC_ROOT_CLASS = YES_ERROR;
				CLANG_WARN_UNREACHABLE_CODE = YES;
				CLANG_WARN__DUPLICATE_METHOD_MATCH = YES;
				"CODE_SIGN_IDENTITY[sdk=iphoneos*]" = "iPhone Developer";
				COPY_PHASE_STRIP = NO;
				DEBUG_INFORMATION_FORMAT = "dwarf-with-dsym";
				ENABLE_NS_ASSERTIONS = NO;
				ENABLE_STRICT_OBJC_MSGSEND = YES;
				GCC_C_LANGUAGE_STANDARD = gnu99;
				GCC_NO_COMMON_BLOCKS = YES;
				GCC_WARN_64_TO_32_BIT_CONVERSION = YES;
				GCC_WARN_ABOUT_RETURN_TYPE = YES_ERROR;
				GCC_WARN_UNDECLARED_SELECTOR = YES;
				GCC_WARN_UNINITIALIZED_AUTOS = YES_AGGRESSIVE;
				GCC_WARN_UNUSED_FUNCTION = YES;
				GCC_WARN_UNUSED_VARIABLE = YES;
				IPHONEOS_DEPLOYMENT_TARGET = 9.3;
				MTL_ENABLE_DEBUG_INFO = NO;
				SDKROOT = iphoneos;
				VALIDATE_PRODUCT = YES;
			};
			name = Release;
		};
		89A60C961D61BF3800BF7988 /* Debug */ = {
			isa = XCBuildConfiguration;
			buildSettings = {
				ASSETCATALOG_COMPILER_APPICON_NAME = AppIcon;
				INFOPLIST_FILE = "Runtime选择器&方法/Info.plist";
				LD_RUNPATH_SEARCH_PATHS = "$(inherited) @executable_path/Frameworks";
				PRODUCT_BUNDLE_IDENTIFIER = "com.icloud.JonkeyChen.Runtime------";
				PRODUCT_NAME = "$(TARGET_NAME)";
			};
			name = Debug;
		};
		89A60C971D61BF3800BF7988 /* Release */ = {
			isa = XCBuildConfiguration;
			buildSettings = {
				ASSETCATALOG_COMPILER_APPICON_NAME = AppIcon;
				INFOPLIST_FILE = "Runtime选择器&方法/Info.plist";
				LD_RUNPATH_SEARCH_PATHS = "$(inherited) @executable_path/Frameworks";
				PRODUCT_BUNDLE_IDENTIFIER = "com.icloud.JonkeyChen.Runtime------";
				PRODUCT_NAME = "$(TARGET_NAME)";
			};
			name = Release;
		};
/* End XCBuildConfiguration section */

/* Begin XCConfigurationList section */
		89A60C791D61BF3800BF7988 /* Build configuration list for PBXProject "Runtime选择器&方法" */ = {
			isa = XCConfigurationList;
			buildConfigurations = (
				89A60C931D61BF3800BF7988 /* Debug */,
				89A60C941D61BF3800BF7988 /* Release */,
			);
			defaultConfigurationIsVisible = 0;
			defaultConfigurationName = Release;
		};
		89A60C951D61BF3800BF7988 /* Build configuration list for PBXNativeTarget "Runtime选择器&方法" */ = {
			isa = XCConfigurationList;
			buildConfigurations = (
				89A60C961D61BF3800BF7988 /* Debug */,
				89A60C971D61BF3800BF7988 /* Release */,
			);
			defaultConfigurationIsVisible = 0;
		};
/* End XCConfigurationList section */
	};
	rootObject = 89A60C761D61BF3800BF7988 /* Project object */;
}
