// !$*UTF8*$!
{
	archiveVersion = 1;
	classes = {
	};
	objectVersion = 46;
	objects = {

/* Begin PBXBuildFile section */
		899C709A1D51C67100036E56 /* AppDelegate.m in Sources */ = {isa = PBXBuildFile; fileRef = 899C70991D51C67100036E56 /* AppDelegate.m */; };
		899C709D1D51C67100036E56 /* main.m in Sources */ = {isa = PBXBuildFile; fileRef = 899C709C1D51C67100036E56 /* main.m */; };
		899C70A21D51C67100036E56 /* Assets.xcassets in Resources */ = {isa = PBXBuildFile; fileRef = 899C70A11D51C67100036E56 /* Assets.xcassets */; };
		899C70A51D51C67100036E56 /* Main.storyboard in Resources */ = {isa = PBXBuildFile; fileRef = 899C70A31D51C67100036E56 /* Main.storyboard */; };
		899C70AE1D51CCB100036E56 /* MainViewController.m in Sources */ = {isa = PBXBuildFile; fileRef = 899C70AD1D51CCB100036E56 /* MainViewController.m */; };
/* End PBXBuildFile section */

/* Begin PBXFileReference section */
		899C70951D51C67100036E56 /* MacProjectTest.app */ = {isa = PBXFileReference; explicitFileType = wrapper.application; includeInIndex = 0; path = MacProjectTest.app; sourceTree = BUILT_PRODUCTS_DIR; };
		899C70981D51C67100036E56 /* AppDelegate.h */ = {isa = PBXFileReference; lastKnownFileType = sourcecode.c.h; path = AppDelegate.h; sourceTree = "<group>"; };
		899C70991D51C67100036E56 /* AppDelegate.m */ = {isa = PBXFileReference; lastKnownFileType = sourcecode.c.objc; path = AppDelegate.m; sourceTree = "<group>"; };
		899C709C1D51C67100036E56 /* main.m */ = {isa = PBXFileReference; lastKnownFileType = sourcecode.c.objc; path = main.m; sourceTree = "<group>"; };
		899C70A11D51C67100036E56 /* Assets.xcassets */ = {isa = PBXFileReference; lastKnownFileType = folder.assetcatalog; path = Assets.xcassets; sourceTree = "<group>"; };
		899C70A41D51C67100036E56 /* Base */ = {isa = PBXFileReference; lastKnownFileType = file.storyboard; name = Base; path = Base.lproj/Main.storyboard; sourceTree = "<group>"; };
		899C70A61D51C67100036E56 /* Info.plist */ = {isa = PBXFileReference; lastKnownFileType = text.plist.xml; path = Info.plist; sourceTree = "<group>"; };
		899C70AC1D51CCB100036E56 /* MainViewController.h */ = {isa = PBXFileReference; fileEncoding = 4; lastKnownFileType = sourcecode.c.h; path = MainViewController.h; sourceTree = "<group>"; };
		899C70AD1D51CCB100036E56 /* MainViewController.m */ = {isa = PBXFileReference; fileEncoding = 4; lastKnownFileType = sourcecode.c.objc; path = MainViewController.m; sourceTree = "<group>"; };
/* End PBXFileReference section */

/* Begin PBXFrameworksBuildPhase section */
		899C70921D51C67100036E56 /* Frameworks */ = {
			isa = PBXFrameworksBuildPhase;
			buildActionMask = 2147483647;
			files = (
			);
			runOnlyForDeploymentPostprocessing = 0;
		};
/* End PBXFrameworksBuildPhase section */

/* Begin PBXGroup section */
		899C708C1D51C67100036E56 = {
			isa = PBXGroup;
			children = (
				899C70971D51C67100036E56 /* MacProjectTest */,
				899C70961D51C67100036E56 /* Products */,
			);
			sourceTree = "<group>";
		};
		899C70961D51C67100036E56 /* Products */ = {
			isa = PBXGroup;
			children = (
				899C70951D51C67100036E56 /* MacProjectTest.app */,
			);
			name = Products;
			sourceTree = "<group>";
		};
		899C70971D51C67100036E56 /* MacProjectTest */ = {
			isa = PBXGroup;
			children = (
				899C70981D51C67100036E56 /* AppDelegate.h */,
				899C70991D51C67100036E56 /* AppDelegate.m */,
				899C70AC1D51CCB100036E56 /* MainViewController.h */,
				899C70AD1D51CCB100036E56 /* MainViewController.m */,
				899C70A11D51C67100036E56 /* Assets.xcassets */,
				899C70A31D51C67100036E56 /* Main.storyboard */,
				899C70A61D51C67100036E56 /* Info.plist */,
				899C709B1D51C67100036E56 /* Supporting Files */,
			);
			path = MacProjectTest;
			sourceTree = "<group>";
		};
		899C709B1D51C67100036E56 /* Supporting Files */ = {
			isa = PBXGroup;
			children = (
				899C709C1D51C67100036E56 /* main.m */,
			);
			name = "Supporting Files";
			sourceTree = "<group>";
		};
/* End PBXGroup section */

/* Begin PBXNativeTarget section */
		899C70941D51C67100036E56 /* MacProjectTest */ = {
			isa = PBXNativeTarget;
			buildConfigurationList = 899C70A91D51C67100036E56 /* Build configuration list for PBXNativeTarget "MacProjectTest" */;
			buildPhases = (
				899C70911D51C67100036E56 /* Sources */,
				899C70921D51C67100036E56 /* Frameworks */,
				899C70931D51C67100036E56 /* Resources */,
			);
			buildRules = (
			);
			dependencies = (
			);
			name = MacProjectTest;
			productName = MacProjectTest;
			productReference = 899C70951D51C67100036E56 /* MacProjectTest.app */;
			productType = "com.apple.product-type.application";
		};
/* End PBXNativeTarget section */

/* Begin PBXProject section */
		899C708D1D51C67100036E56 /* Project object */ = {
			isa = PBXProject;
			attributes = {
				LastUpgradeCheck = 0730;
				ORGANIZATIONNAME = oneyd.me;
				TargetAttributes = {
					899C70941D51C67100036E56 = {
						CreatedOnToolsVersion = 7.3.1;
					};
				};
			};
			buildConfigurationList = 899C70901D51C67100036E56 /* Build configuration list for PBXProject "MacProjectTest" */;
			compatibilityVersion = "Xcode 3.2";
			developmentRegion = English;
			hasScannedForEncodings = 0;
			knownRegions = (
				en,
				Base,
			);
			mainGroup = 899C708C1D51C67100036E56;
			productRefGroup = 899C70961D51C67100036E56 /* Products */;
			projectDirPath = "";
			projectRoot = "";
			targets = (
				899C70941D51C67100036E56 /* MacProjectTest */,
			);
		};
/* End PBXProject section */

/* Begin PBXResourcesBuildPhase section */
		899C70931D51C67100036E56 /* Resources */ = {
			isa = PBXResourcesBuildPhase;
			buildActionMask = 2147483647;
			files = (
				899C70A21D51C67100036E56 /* Assets.xcassets in Resources */,
				899C70A51D51C67100036E56 /* Main.storyboard in Resources */,
			);
			runOnlyForDeploymentPostprocessing = 0;
		};
/* End PBXResourcesBuildPhase section */

/* Begin PBXSourcesBuildPhase section */
		899C70911D51C67100036E56 /* Sources */ = {
			isa = PBXSourcesBuildPhase;
			buildActionMask = 2147483647;
			files = (
				899C709D1D51C67100036E56 /* main.m in Sources */,
				899C709A1D51C67100036E56 /* AppDelegate.m in Sources */,
				899C70AE1D51CCB100036E56 /* MainViewController.m in Sources */,
			);
			runOnlyForDeploymentPostprocessing = 0;
		};
/* End PBXSourcesBuildPhase section */

/* Begin PBXVariantGroup section */
		899C70A31D51C67100036E56 /* Main.storyboard */ = {
			isa = PBXVariantGroup;
			children = (
				899C70A41D51C67100036E56 /* Base */,
			);
			name = Main.storyboard;
			sourceTree = "<group>";
		};
/* End PBXVariantGroup section */

/* Begin XCBuildConfiguration section */
		899C70A71D51C67100036E56 /* Debug */ = {
			isa = XCBuildConfiguration;
			buildSettings = {
				ALWAYS_SEARCH_USER_PATHS = NO;
				CLANG_ANALYZER_NONNULL = YES;
				CLANG_CXX_LANGUAGE_STANDARD = "gnu++0x";
				CLANG_CXX_LIBRARY = "libc++";
				CLANG_ENABLE_MODULES = YES;
				CLANG_ENABLE_OBJC_ARC = YES;
				CLANG_WARN_BOOL_CONVERSION = YES;
				CLANG_WARN_CONSTANT_CONVERSION = YES;
				CLANG_WARN_DIRECT_OBJC_ISA_USAGE = YES_ERROR;
				CLANG_WARN_EMPTY_BODY = YES;
				CLANG_WARN_ENUM_CONVERSION = YES;
				CLANG_WARN_INT_CONVERSION = YES;
				CLANG_WARN_OBJC_ROOT_CLASS = YES_ERROR;
				CLANG_WARN_UNREACHABLE_CODE = YES;
				CLANG_WARN__DUPLICATE_METHOD_MATCH = YES;
				CODE_SIGN_IDENTITY = "-";
				COPY_PHASE_STRIP = NO;
				DEBUG_INFORMATION_FORMAT = dwarf;
				ENABLE_STRICT_OBJC_MSGSEND = YES;
				ENABLE_TESTABILITY = YES;
				GCC_C_LANGUAGE_STANDARD = gnu99;
				GCC_DYNAMIC_NO_PIC = NO;
				GCC_NO_COMMON_BLOCKS = YES;
				GCC_OPTIMIZATION_LEVEL = 0;
				GCC_PREPROCESSOR_DEFINITIONS = (
					"DEBUG=1",
					"$(inherited)",
				);
				GCC_WARN_64_TO_32_BIT_CONVERSION = YES;
				GCC_WARN_ABOUT_RETURN_TYPE = YES_ERROR;
				GCC_WARN_UNDECLARED_SELECTOR = YES;
				GCC_WARN_UNINITIALIZED_AUTOS = YES_AGGRESSIVE;
				GCC_WARN_UNUSED_FUNCTION = YES;
				GCC_WARN_UNUSED_VARIABLE = YES;
				MACOSX_DEPLOYMENT_TARGET = 10.11;
				MTL_ENABLE_DEBUG_INFO = YES;
				ONLY_ACTIVE_ARCH = YES;
				SDKROOT = macosx;
			};
			name = Debug;
		};
		899C70A81D51C67100036E56 /* Release */ = {
			isa = XCBuildConfiguration;
			buildSettings = {
				ALWAYS_SEARCH_USER_PATHS = NO;
				CLANG_ANALYZER_NONNULL = YES;
				CLANG_CXX_LANGUAGE_STANDARD = "gnu++0x";
				CLANG_CXX_LIBRARY = "libc++";
				CLANG_ENABLE_MODULES = YES;
				CLANG_ENABLE_OBJC_ARC = YES;
				CLANG_WARN_BOOL_CONVERSION = YES;
				CLANG_WARN_CONSTANT_CONVERSION = YES;
				CLANG_WARN_DIRECT_OBJC_ISA_USAGE = YES_ERROR;
				CLANG_WARN_EMPTY_BODY = YES;
				CLANG_WARN_ENUM_CONVERSION = YES;
				CLANG_WARN_INT_CONVERSION = YES;
				CLANG_WARN_OBJC_ROOT_CLASS = YES_ERROR;
				CLANG_WARN_UNREACHABLE_CODE = YES;
				CLANG_WARN__DUPLICATE_METHOD_MATCH = YES;
				CODE_SIGN_IDENTITY = "-";
				COPY_PHASE_STRIP = NO;
				DEBUG_INFORMATION_FORMAT = "dwarf-with-dsym";
				ENABLE_NS_ASSERTIONS = NO;
				ENABLE_STRICT_OBJC_MSGSEND = YES;
				GCC_C_LANGUAGE_STANDARD = gnu99;
				GCC_NO_COMMON_BLOCKS = YES;
				GCC_WARN_64_TO_32_BIT_CONVERSION = YES;
				GCC_WARN_ABOUT_RETURN_TYPE = YES_ERROR;
				GCC_WARN_UNDECLARED_SELECTOR = YES;
				GCC_WARN_UNINITIALIZED_AUTOS = YES_AGGRESSIVE;
				GCC_WARN_UNUSED_FUNCTION = YES;
				GCC_WARN_UNUSED_VARIABLE = YES;
				MACOSX_DEPLOYMENT_TARGET = 10.11;
				MTL_ENABLE_DEBUG_INFO = NO;
				SDKROOT = macosx;
			};
			name = Release;
		};
		899C70AA1D51C67100036E56 /* Debug */ = {
			isa = XCBuildConfiguration;
			buildSettings = {
				ASSETCATALOG_COMPILER_APPICON_NAME = AppIcon;
				COMBINE_HIDPI_IMAGES = YES;
				INFOPLIST_FILE = MacProjectTest/Info.plist;
				LD_RUNPATH_SEARCH_PATHS = "$(inherited) @executable_path/../Frameworks";
				MACOSX_DEPLOYMENT_TARGET = 10.10;
				PRODUCT_BUNDLE_IDENTIFIER = com.icloud.JonkeyChen.MacProjectTest;
				PRODUCT_NAME = "$(TARGET_NAME)";
			};
			name = Debug;
		};
		899C70AB1D51C67100036E56 /* Release */ = {
			isa = XCBuildConfiguration;
			buildSettings = {
				ASSETCATALOG_COMPILER_APPICON_NAME = AppIcon;
				COMBINE_HIDPI_IMAGES = YES;
				INFOPLIST_FILE = MacProjectTest/Info.plist;
				LD_RUNPATH_SEARCH_PATHS = "$(inherited) @executable_path/../Frameworks";
				MACOSX_DEPLOYMENT_TARGET = 10.10;
				PRODUCT_BUNDLE_IDENTIFIER = com.icloud.JonkeyChen.MacProjectTest;
				PRODUCT_NAME = "$(TARGET_NAME)";
			};
			name = Release;
		};
/* End XCBuildConfiguration section */

/* Begin XCConfigurationList section */
		899C70901D51C67100036E56 /* Build configuration list for PBXProject "MacProjectTest" */ = {
			isa = XCConfigurationList;
			buildConfigurations = (
				899C70A71D51C67100036E56 /* Debug */,
				899C70A81D51C67100036E56 /* Release */,
			);
			defaultConfigurationIsVisible = 0;
			defaultConfigurationName = Release;
		};
		899C70A91D51C67100036E56 /* Build configuration list for PBXNativeTarget "MacProjectTest" */ = {
			isa = XCConfigurationList;
			buildConfigurations = (
				899C70AA1D51C67100036E56 /* Debug */,
				899C70AB1D51C67100036E56 /* Release */,
			);
			defaultConfigurationIsVisible = 0;
		};
/* End XCConfigurationList section */
	};
	rootObject = 899C708D1D51C67100036E56 /* Project object */;
}
