// !$*UTF8*$!
{
	archiveVersion = 1;
	classes = {
	};
	objectVersion = 46;
	objects = {

/* Begin PBXBuildFile section */
		890E10CA1D586C1D00303F0D /* main.m in Sources */ = {isa = PBXBuildFile; fileRef = 890E10C91D586C1D00303F0D /* main.m */; };
		890E10CD1D586C1D00303F0D /* AppDelegate.m in Sources */ = {isa = PBXBuildFile; fileRef = 890E10CC1D586C1D00303F0D /* AppDelegate.m */; };
		890E10D01D586C1D00303F0D /* ViewController.m in Sources */ = {isa = PBXBuildFile; fileRef = 890E10CF1D586C1D00303F0D /* ViewController.m */; };
		890E10D31D586C1D00303F0D /* Main.storyboard in Resources */ = {isa = PBXBuildFile; fileRef = 890E10D11D586C1D00303F0D /* Main.storyboard */; };
		890E10D51D586C1D00303F0D /* Assets.xcassets in Resources */ = {isa = PBXBuildFile; fileRef = 890E10D41D586C1D00303F0D /* Assets.xcassets */; };
		890E10D81D586C1D00303F0D /* LaunchScreen.storyboard in Resources */ = {isa = PBXBuildFile; fileRef = 890E10D61D586C1D00303F0D /* LaunchScreen.storyboard */; };
/* End PBXBuildFile section */

/* Begin PBXFileReference section */
		890E10C51D586C1D00303F0D /* 宏定义的黑魔法.app */ = {isa = PBXFileReference; explicitFileType = wrapper.application; includeInIndex = 0; path = "宏定义的黑魔法.app"; sourceTree = BUILT_PRODUCTS_DIR; };
		890E10C91D586C1D00303F0D /* main.m */ = {isa = PBXFileReference; lastKnownFileType = sourcecode.c.objc; path = main.m; sourceTree = "<group>"; };
		890E10CB1D586C1D00303F0D /* AppDelegate.h */ = {isa = PBXFileReference; lastKnownFileType = sourcecode.c.h; path = AppDelegate.h; sourceTree = "<group>"; };
		890E10CC1D586C1D00303F0D /* AppDelegate.m */ = {isa = PBXFileReference; lastKnownFileType = sourcecode.c.objc; path = AppDelegate.m; sourceTree = "<group>"; };
		890E10CE1D586C1D00303F0D /* ViewController.h */ = {isa = PBXFileReference; lastKnownFileType = sourcecode.c.h; path = ViewController.h; sourceTree = "<group>"; };
		890E10CF1D586C1D00303F0D /* ViewController.m */ = {isa = PBXFileReference; lastKnownFileType = sourcecode.c.objc; path = ViewController.m; sourceTree = "<group>"; };
		890E10D21D586C1D00303F0D /* Base */ = {isa = PBXFileReference; lastKnownFileType = file.storyboard; name = Base; path = Base.lproj/Main.storyboard; sourceTree = "<group>"; };
		890E10D41D586C1D00303F0D /* Assets.xcassets */ = {isa = PBXFileReference; lastKnownFileType = folder.assetcatalog; path = Assets.xcassets; sourceTree = "<group>"; };
		890E10D71D586C1D00303F0D /* Base */ = {isa = PBXFileReference; lastKnownFileType = file.storyboard; name = Base; path = Base.lproj/LaunchScreen.storyboard; sourceTree = "<group>"; };
		890E10D91D586C1D00303F0D /* Info.plist */ = {isa = PBXFileReference; lastKnownFileType = text.plist.xml; path = Info.plist; sourceTree = "<group>"; };
/* End PBXFileReference section */

/* Begin PBXFrameworksBuildPhase section */
		890E10C21D586C1D00303F0D /* Frameworks */ = {
			isa = PBXFrameworksBuildPhase;
			buildActionMask = 2147483647;
			files = (
			);
			runOnlyForDeploymentPostprocessing = 0;
		};
/* End PBXFrameworksBuildPhase section */

/* Begin PBXGroup section */
		890E10BC1D586C1D00303F0D = {
			isa = PBXGroup;
			children = (
				890E10C71D586C1D00303F0D /* 宏定义的黑魔法 */,
				890E10C61D586C1D00303F0D /* Products */,
			);
			sourceTree = "<group>";
		};
		890E10C61D586C1D00303F0D /* Products */ = {
			isa = PBXGroup;
			children = (
				890E10C51D586C1D00303F0D /* 宏定义的黑魔法.app */,
			);
			name = Products;
			sourceTree = "<group>";
		};
		890E10C71D586C1D00303F0D /* 宏定义的黑魔法 */ = {
			isa = PBXGroup;
			children = (
				890E10CB1D586C1D00303F0D /* AppDelegate.h */,
				890E10CC1D586C1D00303F0D /* AppDelegate.m */,
				890E10CE1D586C1D00303F0D /* ViewController.h */,
				890E10CF1D586C1D00303F0D /* ViewController.m */,
				890E10D11D586C1D00303F0D /* Main.storyboard */,
				890E10D41D586C1D00303F0D /* Assets.xcassets */,
				890E10D61D586C1D00303F0D /* LaunchScreen.storyboard */,
				890E10D91D586C1D00303F0D /* Info.plist */,
				890E10C81D586C1D00303F0D /* Supporting Files */,
			);
			path = "宏定义的黑魔法";
			sourceTree = "<group>";
		};
		890E10C81D586C1D00303F0D /* Supporting Files */ = {
			isa = PBXGroup;
			children = (
				890E10C91D586C1D00303F0D /* main.m */,
			);
			name = "Supporting Files";
			sourceTree = "<group>";
		};
/* End PBXGroup section */

/* Begin PBXNativeTarget section */
		890E10C41D586C1D00303F0D /* 宏定义的黑魔法 */ = {
			isa = PBXNativeTarget;
			buildConfigurationList = 890E10DC1D586C1D00303F0D /* Build configuration list for PBXNativeTarget "宏定义的黑魔法" */;
			buildPhases = (
				890E10C11D586C1D00303F0D /* Sources */,
				890E10C21D586C1D00303F0D /* Frameworks */,
				890E10C31D586C1D00303F0D /* Resources */,
			);
			buildRules = (
			);
			dependencies = (
			);
			name = "宏定义的黑魔法";
			productName = "宏定义的黑魔法";
			productReference = 890E10C51D586C1D00303F0D /* 宏定义的黑魔法.app */;
			productType = "com.apple.product-type.application";
		};
/* End PBXNativeTarget section */

/* Begin PBXProject section */
		890E10BD1D586C1D00303F0D /* Project object */ = {
			isa = PBXProject;
			attributes = {
				LastUpgradeCheck = 0730;
				ORGANIZATIONNAME = oneyd.me;
				TargetAttributes = {
					890E10C41D586C1D00303F0D = {
						CreatedOnToolsVersion = 7.3.1;
						DevelopmentTeam = ZYX3LYN6TF;
					};
				};
			};
			buildConfigurationList = 890E10C01D586C1D00303F0D /* Build configuration list for PBXProject "宏定义的黑魔法" */;
			compatibilityVersion = "Xcode 3.2";
			developmentRegion = English;
			hasScannedForEncodings = 0;
			knownRegions = (
				en,
				Base,
			);
			mainGroup = 890E10BC1D586C1D00303F0D;
			productRefGroup = 890E10C61D586C1D00303F0D /* Products */;
			projectDirPath = "";
			projectRoot = "";
			targets = (
				890E10C41D586C1D00303F0D /* 宏定义的黑魔法 */,
			);
		};
/* End PBXProject section */

/* Begin PBXResourcesBuildPhase section */
		890E10C31D586C1D00303F0D /* Resources */ = {
			isa = PBXResourcesBuildPhase;
			buildActionMask = 2147483647;
			files = (
				890E10D81D586C1D00303F0D /* LaunchScreen.storyboard in Resources */,
				890E10D51D586C1D00303F0D /* Assets.xcassets in Resources */,
				890E10D31D586C1D00303F0D /* Main.storyboard in Resources */,
			);
			runOnlyForDeploymentPostprocessing = 0;
		};
/* End PBXResourcesBuildPhase section */

/* Begin PBXSourcesBuildPhase section */
		890E10C11D586C1D00303F0D /* Sources */ = {
			isa = PBXSourcesBuildPhase;
			buildActionMask = 2147483647;
			files = (
				890E10D01D586C1D00303F0D /* ViewController.m in Sources */,
				890E10CD1D586C1D00303F0D /* AppDelegate.m in Sources */,
				890E10CA1D586C1D00303F0D /* main.m in Sources */,
			);
			runOnlyForDeploymentPostprocessing = 0;
		};
/* End PBXSourcesBuildPhase section */

/* Begin PBXVariantGroup section */
		890E10D11D586C1D00303F0D /* Main.storyboard */ = {
			isa = PBXVariantGroup;
			children = (
				890E10D21D586C1D00303F0D /* Base */,
			);
			name = Main.storyboard;
			sourceTree = "<group>";
		};
		890E10D61D586C1D00303F0D /* LaunchScreen.storyboard */ = {
			isa = PBXVariantGroup;
			children = (
				890E10D71D586C1D00303F0D /* Base */,
			);
			name = LaunchScreen.storyboard;
			sourceTree = "<group>";
		};
/* End PBXVariantGroup section */

/* Begin XCBuildConfiguration section */
		890E10DA1D586C1D00303F0D /* Debug */ = {
			isa = XCBuildConfiguration;
			buildSettings = {
				ALWAYS_SEARCH_USER_PATHS = NO;
				CLANG_ANALYZER_NONNULL = YES;
				CLANG_CXX_LANGUAGE_STANDARD = "gnu++0x";
				CLANG_CXX_LIBRARY = "libc++";
				CLANG_ENABLE_MODULES = YES;
				CLANG_ENABLE_OBJC_ARC = YES;
				CLANG_WARN_BOOL_CONVERSION = YES;
				CLANG_WARN_CONSTANT_CONVERSION = YES;
				CLANG_WARN_DIRECT_OBJC_ISA_USAGE = YES_ERROR;
				CLANG_WARN_EMPTY_BODY = YES;
				CLANG_WARN_ENUM_CONVERSION = YES;
				CLANG_WARN_INT_CONVERSION = YES;
				CLANG_WARN_OBJC_ROOT_CLASS = YES_ERROR;
				CLANG_WARN_UNREACHABLE_CODE = YES;
				CLANG_WARN__DUPLICATE_METHOD_MATCH = YES;
				"CODE_SIGN_IDENTITY[sdk=iphoneos*]" = "iPhone Developer";
				COPY_PHASE_STRIP = NO;
				DEBUG_INFORMATION_FORMAT = dwarf;
				ENABLE_STRICT_OBJC_MSGSEND = YES;
				ENABLE_TESTABILITY = YES;
				GCC_C_LANGUAGE_STANDARD = gnu99;
				GCC_DYNAMIC_NO_PIC = NO;
				GCC_NO_COMMON_BLOCKS = YES;
				GCC_OPTIMIZATION_LEVEL = 0;
				GCC_PREPROCESSOR_DEFINITIONS = (
					"DEBUG=1",
					"$(inherited)",
				);
				GCC_WARN_64_TO_32_BIT_CONVERSION = YES;
				GCC_WARN_ABOUT_RETURN_TYPE = YES_ERROR;
				GCC_WARN_UNDECLARED_SELECTOR = YES;
				GCC_WARN_UNINITIALIZED_AUTOS = YES_AGGRESSIVE;
				GCC_WARN_UNUSED_FUNCTION = YES;
				GCC_WARN_UNUSED_VARIABLE = YES;
				IPHONEOS_DEPLOYMENT_TARGET = 9.3;
				MTL_ENABLE_DEBUG_INFO = YES;
				ONLY_ACTIVE_ARCH = YES;
				SDKROOT = iphoneos;
			};
			name = Debug;
		};
		890E10DB1D586C1D00303F0D /* Release */ = {
			isa = XCBuildConfiguration;
			buildSettings = {
				ALWAYS_SEARCH_USER_PATHS = NO;
				CLANG_ANALYZER_NONNULL = YES;
				CLANG_CXX_LANGUAGE_STANDARD = "gnu++0x";
				CLANG_CXX_LIBRARY = "libc++";
				CLANG_ENABLE_MODULES = YES;
				CLANG_ENABLE_OBJC_ARC = YES;
				CLANG_WARN_BOOL_CONVERSION = YES;
				CLANG_WARN_CONSTANT_CONVERSION = YES;
				CLANG_WARN_DIRECT_OBJC_ISA_USAGE = YES_ERROR;
				CLANG_WARN_EMPTY_BODY = YES;
				CLANG_WARN_ENUM_CONVERSION = YES;
				CLANG_WARN_INT_CONVERSION = YES;
				CLANG_WARN_OBJC_ROOT_CLASS = YES_ERROR;
				CLANG_WARN_UNREACHABLE_CODE = YES;
				CLANG_WARN__DUPLICATE_METHOD_MATCH = YES;
				"CODE_SIGN_IDENTITY[sdk=iphoneos*]" = "iPhone Developer";
				COPY_PHASE_STRIP = NO;
				DEBUG_INFORMATION_FORMAT = "dwarf-with-dsym";
				ENABLE_NS_ASSERTIONS = NO;
				ENABLE_STRICT_OBJC_MSGSEND = YES;
				GCC_C_LANGUAGE_STANDARD = gnu99;
				GCC_NO_COMMON_BLOCKS = YES;
				GCC_WARN_64_TO_32_BIT_CONVERSION = YES;
				GCC_WARN_ABOUT_RETURN_TYPE = YES_ERROR;
				GCC_WARN_UNDECLARED_SELECTOR = YES;
				GCC_WARN_UNINITIALIZED_AUTOS = YES_AGGRESSIVE;
				GCC_WARN_UNUSED_FUNCTION = YES;
				GCC_WARN_UNUSED_VARIABLE = YES;
				IPHONEOS_DEPLOYMENT_TARGET = 9.3;
				MTL_ENABLE_DEBUG_INFO = NO;
				SDKROOT = iphoneos;
				VALIDATE_PRODUCT = YES;
			};
			name = Release;
		};
		890E10DD1D586C1D00303F0D /* Debug */ = {
			isa = XCBuildConfiguration;
			buildSettings = {
				ASSETCATALOG_COMPILER_APPICON_NAME = AppIcon;
				INFOPLIST_FILE = "宏定义的黑魔法/Info.plist";
				LD_RUNPATH_SEARCH_PATHS = "$(inherited) @executable_path/Frameworks";
				PRODUCT_BUNDLE_IDENTIFIER = "com.icloud.JonkeyChen.-------";
				PRODUCT_NAME = "$(TARGET_NAME)";
			};
			name = Debug;
		};
		890E10DE1D586C1D00303F0D /* Release */ = {
			isa = XCBuildConfiguration;
			buildSettings = {
				ASSETCATALOG_COMPILER_APPICON_NAME = AppIcon;
				INFOPLIST_FILE = "宏定义的黑魔法/Info.plist";
				LD_RUNPATH_SEARCH_PATHS = "$(inherited) @executable_path/Frameworks";
				PRODUCT_BUNDLE_IDENTIFIER = "com.icloud.JonkeyChen.-------";
				PRODUCT_NAME = "$(TARGET_NAME)";
			};
			name = Release;
		};
/* End XCBuildConfiguration section */

/* Begin XCConfigurationList section */
		890E10C01D586C1D00303F0D /* Build configuration list for PBXProject "宏定义的黑魔法" */ = {
			isa = XCConfigurationList;
			buildConfigurations = (
				890E10DA1D586C1D00303F0D /* Debug */,
				890E10DB1D586C1D00303F0D /* Release */,
			);
			defaultConfigurationIsVisible = 0;
			defaultConfigurationName = Release;
		};
		890E10DC1D586C1D00303F0D /* Build configuration list for PBXNativeTarget "宏定义的黑魔法" */ = {
			isa = XCConfigurationList;
			buildConfigurations = (
				890E10DD1D586C1D00303F0D /* Debug */,
				890E10DE1D586C1D00303F0D /* Release */,
			);
			defaultConfigurationIsVisible = 0;
		};
/* End XCConfigurationList section */
	};
	rootObject = 890E10BD1D586C1D00303F0D /* Project object */;
}
